
Microsoft Visual Studio Solution File, Format Version 12.00
# Visual Studio Version 16
VisualStudioVersion = 16.0.30011.22
MinimumVisualStudioVersion = 10.0.40219.1
Project("{FAE04EC0-301F-11D3-BF4B-00C04F79EFBC}") = "ZergPoolMinerLegacy", "ZergPoolMiner\ZergPoolMinerLegacy.csproj", "{A70B0AEE-15C4-49E1-9DC9-B936A1EBC2B6}"
	ProjectSection(ProjectDependencies) = postProject
		{A711EF13-D6AC-4690-A60A-20CE264C98E6} = {A711EF13-D6AC-4690-A60A-20CE264C98E6}
		{FC168AAB-C2AB-4158-A73A-ABDD1DB17EFE} = {FC168AAB-C2AB-4158-A73A-ABDD1DB17EFE}
		{EE6160CC-8C19-4AD8-BB1E-C295347203EE} = {EE6160CC-8C19-4AD8-BB1E-C295347203EE}
		{575688D5-A9C8-4AD0-BC3E-9FAFEFF60227} = {575688D5-A9C8-4AD0-BC3E-9FAFEFF60227}
		{99FB72D7-0A1D-443C-BC8C-07B732C3F084} = {99FB72D7-0A1D-443C-BC8C-07B732C3F084}
	EndProjectSection
EndProject
Project("{8BC9CEB8-8B4A-11D0-8D11-00A0C91BC942}") = "cpuid", "cpuid\cpuid.vcxproj", "{23C94F99-F466-4CBE-90B7-71B450DD7BF1}"
EndProject
Project("{FAE04EC0-301F-11D3-BF4B-00C04F79EFBC}") = "MessageBoxManager", "MessageBoxManager\MessageBoxManager.csproj", "{0E9D874E-5354-465E-9EC3-F7A35C268A8A}"
EndProject
Project("{FAE04EC0-301F-11D3-BF4B-00C04F79EFBC}") = "MyDownloader.Core", "3rdparty\DownloadManager\MyDownloader.Core\MyDownloader.Core.csproj", "{E763345E-6696-4C53-8764-47E4ABD67DEF}"
EndProject
Project("{FAE04EC0-301F-11D3-BF4B-00C04F79EFBC}") = "MyDownloader.Extension", "3rdparty\DownloadManager\MyDownloader.Extension\MyDownloader.Extension.csproj", "{FEA18B6C-491F-401A-A06B-AE47888FF288}"
EndProject
Project("{FAE04EC0-301F-11D3-BF4B-00C04F79EFBC}") = "Nvml", "3rdparty\managedCuda\Nvml\Nvml.csproj", "{92D51A33-7BF0-47FD-9ECE-D758FFE1691D}"
EndProject
Project("{2150E333-8FDC-42A3-9474-1A3956D46DE8}") = "3rdParty", "3rdParty", "{A1439575-6634-4B04-A802-93E1729D932C}"
EndProject
Project("{2150E333-8FDC-42A3-9474-1A3956D46DE8}") = "MyDownloader", "MyDownloader", "{666913D5-EF69-4E86-960B-AB1E9D0C720B}"
EndProject
Project("{2150E333-8FDC-42A3-9474-1A3956D46DE8}") = "managedCuda", "managedCuda", "{71DDA2F7-3DEC-454A-BB85-0960E0225177}"
EndProject
Project("{2150E333-8FDC-42A3-9474-1A3956D46DE8}") = "Helpers", "Helpers", "{0DC12891-793A-412A-B0B9-81193C782923}"
EndProject
Project("{FAE04EC0-301F-11D3-BF4B-00C04F79EFBC}") = "CustomTabControl", "CustomTabControl\CustomTabControl.csproj", "{4DBFE2CF-45E4-4594-8E6A-5EBC2EEF85AE}"
EndProject
Project("{FAE04EC0-301F-11D3-BF4B-00C04F79EFBC}") = "MinerLegacyForkFixMonitor", "MinerLegacyForkFixMonitor\MinerLegacyForkFixMonitor.csproj", "{FC168AAB-C2AB-4158-A73A-ABDD1DB17EFE}"
EndProject
Project("{FAE04EC0-301F-11D3-BF4B-00C04F79EFBC}") = "NvidiaGPUGetDataHost", "NvidiaGPUGetDataHost\NvidiaGPUGetDataHost.csproj", "{99FB72D7-0A1D-443C-BC8C-07B732C3F084}"
EndProject
Project("{FAE04EC0-301F-11D3-BF4B-00C04F79EFBC}") = "MSIAfterburner.NET", "MSIAfterburner.NET\MSIAfterburner.NET.csproj", "{08F25F99-9D46-4D1F-A776-377ADA69B23E}"
EndProject
Project("{FAE04EC0-301F-11D3-BF4B-00C04F79EFBC}") = "websocket-sharp", "3rdparty\websocket-sharp\websocket-sharp.csproj", "{B357BAC7-529E-4D81-A0D2-71041B19C8DE}"
EndProject
Project("{FAE04EC0-301F-11D3-BF4B-00C04F79EFBC}") = "IGCL", "IGCL\IGCL.csproj", "{EB2D6D7F-07B4-4C95-9974-02DB7BA1710F}"
EndProject
Project("{9A19103F-16F7-4668-BE54-9A1E7A4F7556}") = "ZergPoolMinerLegacy.Common", "ZergPoolMinerLegacy.Common\ZergPoolMinerLegacy.Common.csproj", "{D9998080-8B08-4634-95CB-1AD9A876CBA7}"
EndProject
Project("{FAE04EC0-301F-11D3-BF4B-00C04F79EFBC}") = "ZergPoolMinerLegacy.Overclock", "ZergPoolMinerLegacy.Overclock\ZergPoolMinerLegacy.Overclock.csproj", "{575688D5-A9C8-4AD0-BC3E-9FAFEFF60227}"
EndProject
Project("{9A19103F-16F7-4668-BE54-9A1E7A4F7556}") = "ZergPoolMinerLegacy.Extensions", "ZergPoolMinerLegacy.Extensions\ZergPoolMinerLegacy.Extensions.csproj", "{A711EF13-D6AC-4690-A60A-20CE264C98E6}"
EndProject
Project("{FAE04EC0-301F-11D3-BF4B-00C04F79EFBC}") = "ZergPoolMinerLegacy.UUID", "ZergPoolMinerLegacy.UUID\ZergPoolMinerLegacy.UUID.csproj", "{EE6160CC-8C19-4AD8-BB1E-C295347203EE}"
EndProject
Project("{2150E333-8FDC-42A3-9474-1A3956D46DE8}") = "Solution Items", "Solution Items", "{8917EA73-3420-40B7-9A22-BB2637A86B4F}"
	ProjectSection(SolutionItems) = preProject
		license.md = license.md
		README.md = README.md
	EndProjectSection
EndProject
Global
	GlobalSection(SolutionConfigurationPlatforms) = preSolution
		Debug_Ubuntu|Any CPU = Debug_Ubuntu|Any CPU
		Debug_Ubuntu|Itanium = Debug_Ubuntu|Itanium
		Debug_Ubuntu|x64 = Debug_Ubuntu|x64
		Debug_Ubuntu|x86 = Debug_Ubuntu|x86
		Debug|Any CPU = Debug|Any CPU
		Debug|Itanium = Debug|Itanium
		Debug|x64 = Debug|x64
		Debug|x86 = Debug|x86
		Release_Ubuntu|Any CPU = Release_Ubuntu|Any CPU
		Release_Ubuntu|Itanium = Release_Ubuntu|Itanium
		Release_Ubuntu|x64 = Release_Ubuntu|x64
		Release_Ubuntu|x86 = Release_Ubuntu|x86
		Release|Any CPU = Release|Any CPU
		Release|Itanium = Release|Itanium
		Release|x64 = Release|x64
		Release|x86 = Release|x86
	EndGlobalSection
	GlobalSection(ProjectConfigurationPlatforms) = postSolution
		{A70B0AEE-15C4-49E1-9DC9-B936A1EBC2B6}.Debug_Ubuntu|Any CPU.ActiveCfg = Debug|Any CPU
		{A70B0AEE-15C4-49E1-9DC9-B936A1EBC2B6}.Debug_Ubuntu|Any CPU.Build.0 = Debug|Any CPU
		{A70B0AEE-15C4-49E1-9DC9-B936A1EBC2B6}.Debug_Ubuntu|Itanium.ActiveCfg = Debug|Any CPU
		{A70B0AEE-15C4-49E1-9DC9-B936A1EBC2B6}.Debug_Ubuntu|Itanium.Build.0 = Debug|Any CPU
		{A70B0AEE-15C4-49E1-9DC9-B936A1EBC2B6}.Debug_Ubuntu|x64.ActiveCfg = Debug|x64
		{A70B0AEE-15C4-49E1-9DC9-B936A1EBC2B6}.Debug_Ubuntu|x64.Build.0 = Debug|x64
		{A70B0AEE-15C4-49E1-9DC9-B936A1EBC2B6}.Debug_Ubuntu|x86.ActiveCfg = Debug|Any CPU
		{A70B0AEE-15C4-49E1-9DC9-B936A1EBC2B6}.Debug_Ubuntu|x86.Build.0 = Debug|Any CPU
		{A70B0AEE-15C4-49E1-9DC9-B936A1EBC2B6}.Debug|Any CPU.ActiveCfg = Debug|Any CPU
		{A70B0AEE-15C4-49E1-9DC9-B936A1EBC2B6}.Debug|Any CPU.Build.0 = Debug|Any CPU
		{A70B0AEE-15C4-49E1-9DC9-B936A1EBC2B6}.Debug|Itanium.ActiveCfg = Debug|Any CPU
		{A70B0AEE-15C4-49E1-9DC9-B936A1EBC2B6}.Debug|Itanium.Build.0 = Debug|Any CPU
		{A70B0AEE-15C4-49E1-9DC9-B936A1EBC2B6}.Debug|x64.ActiveCfg = Debug|x64
		{A70B0AEE-15C4-49E1-9DC9-B936A1EBC2B6}.Debug|x64.Build.0 = Debug|x64
		{A70B0AEE-15C4-49E1-9DC9-B936A1EBC2B6}.Debug|x86.ActiveCfg = Debug|Any CPU
		{A70B0AEE-15C4-49E1-9DC9-B936A1EBC2B6}.Debug|x86.Build.0 = Debug|Any CPU
		{A70B0AEE-15C4-49E1-9DC9-B936A1EBC2B6}.Release_Ubuntu|Any CPU.ActiveCfg = Release|Any CPU
		{A70B0AEE-15C4-49E1-9DC9-B936A1EBC2B6}.Release_Ubuntu|Any CPU.Build.0 = Release|Any CPU
		{A70B0AEE-15C4-49E1-9DC9-B936A1EBC2B6}.Release_Ubuntu|Itanium.ActiveCfg = Release|Any CPU
		{A70B0AEE-15C4-49E1-9DC9-B936A1EBC2B6}.Release_Ubuntu|Itanium.Build.0 = Release|Any CPU
		{A70B0AEE-15C4-49E1-9DC9-B936A1EBC2B6}.Release_Ubuntu|x64.ActiveCfg = Release|x64
		{A70B0AEE-15C4-49E1-9DC9-B936A1EBC2B6}.Release_Ubuntu|x64.Build.0 = Release|x64
		{A70B0AEE-15C4-49E1-9DC9-B936A1EBC2B6}.Release_Ubuntu|x86.ActiveCfg = Release|Any CPU
		{A70B0AEE-15C4-49E1-9DC9-B936A1EBC2B6}.Release_Ubuntu|x86.Build.0 = Release|Any CPU
		{A70B0AEE-15C4-49E1-9DC9-B936A1EBC2B6}.Release|Any CPU.ActiveCfg = Release|Any CPU
		{A70B0AEE-15C4-49E1-9DC9-B936A1EBC2B6}.Release|Any CPU.Build.0 = Release|Any CPU
		{A70B0AEE-15C4-49E1-9DC9-B936A1EBC2B6}.Release|Itanium.ActiveCfg = Release|Any CPU
		{A70B0AEE-15C4-49E1-9DC9-B936A1EBC2B6}.Release|Itanium.Build.0 = Release|Any CPU
		{A70B0AEE-15C4-49E1-9DC9-B936A1EBC2B6}.Release|x64.ActiveCfg = Release|x64
		{A70B0AEE-15C4-49E1-9DC9-B936A1EBC2B6}.Release|x64.Build.0 = Release|x64
		{A70B0AEE-15C4-49E1-9DC9-B936A1EBC2B6}.Release|x86.ActiveCfg = Release|Any CPU
		{A70B0AEE-15C4-49E1-9DC9-B936A1EBC2B6}.Release|x86.Build.0 = Release|Any CPU
		{23C94F99-F466-4CBE-90B7-71B450DD7BF1}.Debug_Ubuntu|Any CPU.ActiveCfg = Debug|Win32
		{23C94F99-F466-4CBE-90B7-71B450DD7BF1}.Debug_Ubuntu|Any CPU.Build.0 = Debug|Win32
		{23C94F99-F466-4CBE-90B7-71B450DD7BF1}.Debug_Ubuntu|Itanium.ActiveCfg = Debug|Itanium
		{23C94F99-F466-4CBE-90B7-71B450DD7BF1}.Debug_Ubuntu|Itanium.Build.0 = Debug|Itanium
		{23C94F99-F466-4CBE-90B7-71B450DD7BF1}.Debug_Ubuntu|x64.ActiveCfg = Debug|x64
		{23C94F99-F466-4CBE-90B7-71B450DD7BF1}.Debug_Ubuntu|x64.Build.0 = Debug|x64
		{23C94F99-F466-4CBE-90B7-71B450DD7BF1}.Debug_Ubuntu|x86.ActiveCfg = Debug|Win32
		{23C94F99-F466-4CBE-90B7-71B450DD7BF1}.Debug_Ubuntu|x86.Build.0 = Debug|Win32
		{23C94F99-F466-4CBE-90B7-71B450DD7BF1}.Debug|Any CPU.ActiveCfg = Debug|Win32
		{23C94F99-F466-4CBE-90B7-71B450DD7BF1}.Debug|Itanium.ActiveCfg = Debug|Itanium
		{23C94F99-F466-4CBE-90B7-71B450DD7BF1}.Debug|Itanium.Build.0 = Debug|Itanium
		{23C94F99-F466-4CBE-90B7-71B450DD7BF1}.Debug|x64.ActiveCfg = Debug|x64
		{23C94F99-F466-4CBE-90B7-71B450DD7BF1}.Debug|x64.Build.0 = Debug|x64
		{23C94F99-F466-4CBE-90B7-71B450DD7BF1}.Debug|x86.ActiveCfg = Debug|Win32
		{23C94F99-F466-4CBE-90B7-71B450DD7BF1}.Debug|x86.Build.0 = Debug|Win32
		{23C94F99-F466-4CBE-90B7-71B450DD7BF1}.Release_Ubuntu|Any CPU.ActiveCfg = Debug|Win32
		{23C94F99-F466-4CBE-90B7-71B450DD7BF1}.Release_Ubuntu|Any CPU.Build.0 = Debug|Win32
		{23C94F99-F466-4CBE-90B7-71B450DD7BF1}.Release_Ubuntu|Itanium.ActiveCfg = Release|Itanium
		{23C94F99-F466-4CBE-90B7-71B450DD7BF1}.Release_Ubuntu|Itanium.Build.0 = Release|Itanium
		{23C94F99-F466-4CBE-90B7-71B450DD7BF1}.Release_Ubuntu|x64.ActiveCfg = Release|x64
		{23C94F99-F466-4CBE-90B7-71B450DD7BF1}.Release_Ubuntu|x64.Build.0 = Release|x64
		{23C94F99-F466-4CBE-90B7-71B450DD7BF1}.Release_Ubuntu|x86.ActiveCfg = Release|Win32
		{23C94F99-F466-4CBE-90B7-71B450DD7BF1}.Release_Ubuntu|x86.Build.0 = Release|Win32
		{23C94F99-F466-4CBE-90B7-71B450DD7BF1}.Release|Any CPU.ActiveCfg = Release|Win32
		{23C94F99-F466-4CBE-90B7-71B450DD7BF1}.Release|Itanium.ActiveCfg = Release|Itanium
		{23C94F99-F466-4CBE-90B7-71B450DD7BF1}.Release|Itanium.Build.0 = Release|Itanium
		{23C94F99-F466-4CBE-90B7-71B450DD7BF1}.Release|x64.ActiveCfg = Release|x64
		{23C94F99-F466-4CBE-90B7-71B450DD7BF1}.Release|x64.Build.0 = Release|x64
		{23C94F99-F466-4CBE-90B7-71B450DD7BF1}.Release|x86.ActiveCfg = Release|Win32
		{23C94F99-F466-4CBE-90B7-71B450DD7BF1}.Release|x86.Build.0 = Release|Win32
		{0E9D874E-5354-465E-9EC3-F7A35C268A8A}.Debug_Ubuntu|Any CPU.ActiveCfg = Debug|Any CPU
		{0E9D874E-5354-465E-9EC3-F7A35C268A8A}.Debug_Ubuntu|Any CPU.Build.0 = Debug|Any CPU
		{0E9D874E-5354-465E-9EC3-F7A35C268A8A}.Debug_Ubuntu|Itanium.ActiveCfg = Debug|Any CPU
		{0E9D874E-5354-465E-9EC3-F7A35C268A8A}.Debug_Ubuntu|Itanium.Build.0 = Debug|Any CPU
		{0E9D874E-5354-465E-9EC3-F7A35C268A8A}.Debug_Ubuntu|x64.ActiveCfg = Debug|x64
		{0E9D874E-5354-465E-9EC3-F7A35C268A8A}.Debug_Ubuntu|x64.Build.0 = Debug|x64
		{0E9D874E-5354-465E-9EC3-F7A35C268A8A}.Debug_Ubuntu|x86.ActiveCfg = Debug|Any CPU
		{0E9D874E-5354-465E-9EC3-F7A35C268A8A}.Debug_Ubuntu|x86.Build.0 = Debug|Any CPU
		{0E9D874E-5354-465E-9EC3-F7A35C268A8A}.Debug|Any CPU.ActiveCfg = Debug|Any CPU
		{0E9D874E-5354-465E-9EC3-F7A35C268A8A}.Debug|Any CPU.Build.0 = Debug|Any CPU
		{0E9D874E-5354-465E-9EC3-F7A35C268A8A}.Debug|Itanium.ActiveCfg = Debug|Any CPU
		{0E9D874E-5354-465E-9EC3-F7A35C268A8A}.Debug|Itanium.Build.0 = Debug|Any CPU
		{0E9D874E-5354-465E-9EC3-F7A35C268A8A}.Debug|x64.ActiveCfg = Debug|x64
		{0E9D874E-5354-465E-9EC3-F7A35C268A8A}.Debug|x64.Build.0 = Debug|x64
		{0E9D874E-5354-465E-9EC3-F7A35C268A8A}.Debug|x86.ActiveCfg = Debug|Any CPU
		{0E9D874E-5354-465E-9EC3-F7A35C268A8A}.Debug|x86.Build.0 = Debug|Any CPU
		{0E9D874E-5354-465E-9EC3-F7A35C268A8A}.Release_Ubuntu|Any CPU.ActiveCfg = Release|Any CPU
		{0E9D874E-5354-465E-9EC3-F7A35C268A8A}.Release_Ubuntu|Any CPU.Build.0 = Release|Any CPU
		{0E9D874E-5354-465E-9EC3-F7A35C268A8A}.Release_Ubuntu|Itanium.ActiveCfg = Release|Any CPU
		{0E9D874E-5354-465E-9EC3-F7A35C268A8A}.Release_Ubuntu|Itanium.Build.0 = Release|Any CPU
		{0E9D874E-5354-465E-9EC3-F7A35C268A8A}.Release_Ubuntu|x64.ActiveCfg = Release|x64
		{0E9D874E-5354-465E-9EC3-F7A35C268A8A}.Release_Ubuntu|x64.Build.0 = Release|x64
		{0E9D874E-5354-465E-9EC3-F7A35C268A8A}.Release_Ubuntu|x86.ActiveCfg = Release|Any CPU
		{0E9D874E-5354-465E-9EC3-F7A35C268A8A}.Release_Ubuntu|x86.Build.0 = Release|Any CPU
		{0E9D874E-5354-465E-9EC3-F7A35C268A8A}.Release|Any CPU.ActiveCfg = Release|Any CPU
		{0E9D874E-5354-465E-9EC3-F7A35C268A8A}.Release|Any CPU.Build.0 = Release|Any CPU
		{0E9D874E-5354-465E-9EC3-F7A35C268A8A}.Release|Itanium.ActiveCfg = Release|Any CPU
		{0E9D874E-5354-465E-9EC3-F7A35C268A8A}.Release|Itanium.Build.0 = Release|Any CPU
		{0E9D874E-5354-465E-9EC3-F7A35C268A8A}.Release|x64.ActiveCfg = Release|x64
		{0E9D874E-5354-465E-9EC3-F7A35C268A8A}.Release|x64.Build.0 = Release|x64
		{0E9D874E-5354-465E-9EC3-F7A35C268A8A}.Release|x86.ActiveCfg = Release|Any CPU
		{0E9D874E-5354-465E-9EC3-F7A35C268A8A}.Release|x86.Build.0 = Release|Any CPU
		{E763345E-6696-4C53-8764-47E4ABD67DEF}.Debug_Ubuntu|Any CPU.ActiveCfg = Debug|Any CPU
		{E763345E-6696-4C53-8764-47E4ABD67DEF}.Debug_Ubuntu|Any CPU.Build.0 = Debug|Any CPU
		{E763345E-6696-4C53-8764-47E4ABD67DEF}.Debug_Ubuntu|Itanium.ActiveCfg = Debug|Any CPU
		{E763345E-6696-4C53-8764-47E4ABD67DEF}.Debug_Ubuntu|Itanium.Build.0 = Debug|Any CPU
		{E763345E-6696-4C53-8764-47E4ABD67DEF}.Debug_Ubuntu|x64.ActiveCfg = Debug|x64
		{E763345E-6696-4C53-8764-47E4ABD67DEF}.Debug_Ubuntu|x64.Build.0 = Debug|x64
		{E763345E-6696-4C53-8764-47E4ABD67DEF}.Debug_Ubuntu|x86.ActiveCfg = Debug|Any CPU
		{E763345E-6696-4C53-8764-47E4ABD67DEF}.Debug_Ubuntu|x86.Build.0 = Debug|Any CPU
		{E763345E-6696-4C53-8764-47E4ABD67DEF}.Debug|Any CPU.ActiveCfg = Debug|Any CPU
		{E763345E-6696-4C53-8764-47E4ABD67DEF}.Debug|Any CPU.Build.0 = Debug|Any CPU
		{E763345E-6696-4C53-8764-47E4ABD67DEF}.Debug|Itanium.ActiveCfg = Debug|Any CPU
		{E763345E-6696-4C53-8764-47E4ABD67DEF}.Debug|Itanium.Build.0 = Debug|Any CPU
		{E763345E-6696-4C53-8764-47E4ABD67DEF}.Debug|x64.ActiveCfg = Debug|x64
		{E763345E-6696-4C53-8764-47E4ABD67DEF}.Debug|x64.Build.0 = Debug|x64
		{E763345E-6696-4C53-8764-47E4ABD67DEF}.Debug|x86.ActiveCfg = Debug|Any CPU
		{E763345E-6696-4C53-8764-47E4ABD67DEF}.Debug|x86.Build.0 = Debug|Any CPU
		{E763345E-6696-4C53-8764-47E4ABD67DEF}.Release_Ubuntu|Any CPU.ActiveCfg = Release|Any CPU
		{E763345E-6696-4C53-8764-47E4ABD67DEF}.Release_Ubuntu|Any CPU.Build.0 = Release|Any CPU
		{E763345E-6696-4C53-8764-47E4ABD67DEF}.Release_Ubuntu|Itanium.ActiveCfg = Release|Any CPU
		{E763345E-6696-4C53-8764-47E4ABD67DEF}.Release_Ubuntu|Itanium.Build.0 = Release|Any CPU
		{E763345E-6696-4C53-8764-47E4ABD67DEF}.Release_Ubuntu|x64.ActiveCfg = Release|x64
		{E763345E-6696-4C53-8764-47E4ABD67DEF}.Release_Ubuntu|x64.Build.0 = Release|x64
		{E763345E-6696-4C53-8764-47E4ABD67DEF}.Release_Ubuntu|x86.ActiveCfg = Release|Any CPU
		{E763345E-6696-4C53-8764-47E4ABD67DEF}.Release_Ubuntu|x86.Build.0 = Release|Any CPU
		{E763345E-6696-4C53-8764-47E4ABD67DEF}.Release|Any CPU.ActiveCfg = Release|Any CPU
		{E763345E-6696-4C53-8764-47E4ABD67DEF}.Release|Any CPU.Build.0 = Release|Any CPU
		{E763345E-6696-4C53-8764-47E4ABD67DEF}.Release|Itanium.ActiveCfg = Release|Any CPU
		{E763345E-6696-4C53-8764-47E4ABD67DEF}.Release|Itanium.Build.0 = Release|Any CPU
		{E763345E-6696-4C53-8764-47E4ABD67DEF}.Release|x64.ActiveCfg = Release|x64
		{E763345E-6696-4C53-8764-47E4ABD67DEF}.Release|x64.Build.0 = Release|x64
		{E763345E-6696-4C53-8764-47E4ABD67DEF}.Release|x86.ActiveCfg = Release|Any CPU
		{E763345E-6696-4C53-8764-47E4ABD67DEF}.Release|x86.Build.0 = Release|Any CPU
		{FEA18B6C-491F-401A-A06B-AE47888FF288}.Debug_Ubuntu|Any CPU.ActiveCfg = Debug|Any CPU
		{FEA18B6C-491F-401A-A06B-AE47888FF288}.Debug_Ubuntu|Any CPU.Build.0 = Debug|Any CPU
		{FEA18B6C-491F-401A-A06B-AE47888FF288}.Debug_Ubuntu|Itanium.ActiveCfg = Debug|Any CPU
		{FEA18B6C-491F-401A-A06B-AE47888FF288}.Debug_Ubuntu|Itanium.Build.0 = Debug|Any CPU
		{FEA18B6C-491F-401A-A06B-AE47888FF288}.Debug_Ubuntu|x64.ActiveCfg = Debug|x64
		{FEA18B6C-491F-401A-A06B-AE47888FF288}.Debug_Ubuntu|x64.Build.0 = Debug|x64
		{FEA18B6C-491F-401A-A06B-AE47888FF288}.Debug_Ubuntu|x86.ActiveCfg = Debug|Any CPU
		{FEA18B6C-491F-401A-A06B-AE47888FF288}.Debug_Ubuntu|x86.Build.0 = Debug|Any CPU
		{FEA18B6C-491F-401A-A06B-AE47888FF288}.Debug|Any CPU.ActiveCfg = Debug|Any CPU
		{FEA18B6C-491F-401A-A06B-AE47888FF288}.Debug|Any CPU.Build.0 = Debug|Any CPU
		{FEA18B6C-491F-401A-A06B-AE47888FF288}.Debug|Itanium.ActiveCfg = Debug|Any CPU
		{FEA18B6C-491F-401A-A06B-AE47888FF288}.Debug|Itanium.Build.0 = Debug|Any CPU
		{FEA18B6C-491F-401A-A06B-AE47888FF288}.Debug|x64.ActiveCfg = Debug|x64
		{FEA18B6C-491F-401A-A06B-AE47888FF288}.Debug|x64.Build.0 = Debug|x64
		{FEA18B6C-491F-401A-A06B-AE47888FF288}.Debug|x86.ActiveCfg = Debug|Any CPU
		{FEA18B6C-491F-401A-A06B-AE47888FF288}.Debug|x86.Build.0 = Debug|Any CPU
		{FEA18B6C-491F-401A-A06B-AE47888FF288}.Release_Ubuntu|Any CPU.ActiveCfg = Release|Any CPU
		{FEA18B6C-491F-401A-A06B-AE47888FF288}.Release_Ubuntu|Any CPU.Build.0 = Release|Any CPU
		{FEA18B6C-491F-401A-A06B-AE47888FF288}.Release_Ubuntu|Itanium.ActiveCfg = Release|Any CPU
		{FEA18B6C-491F-401A-A06B-AE47888FF288}.Release_Ubuntu|Itanium.Build.0 = Release|Any CPU
		{FEA18B6C-491F-401A-A06B-AE47888FF288}.Release_Ubuntu|x64.ActiveCfg = Release|x64
		{FEA18B6C-491F-401A-A06B-AE47888FF288}.Release_Ubuntu|x64.Build.0 = Release|x64
		{FEA18B6C-491F-401A-A06B-AE47888FF288}.Release_Ubuntu|x86.ActiveCfg = Release|Any CPU
		{FEA18B6C-491F-401A-A06B-AE47888FF288}.Release_Ubuntu|x86.Build.0 = Release|Any CPU
		{FEA18B6C-491F-401A-A06B-AE47888FF288}.Release|Any CPU.ActiveCfg = Release|Any CPU
		{FEA18B6C-491F-401A-A06B-AE47888FF288}.Release|Any CPU.Build.0 = Release|Any CPU
		{FEA18B6C-491F-401A-A06B-AE47888FF288}.Release|Itanium.ActiveCfg = Release|Any CPU
		{FEA18B6C-491F-401A-A06B-AE47888FF288}.Release|Itanium.Build.0 = Release|Any CPU
		{FEA18B6C-491F-401A-A06B-AE47888FF288}.Release|x64.ActiveCfg = Release|x64
		{FEA18B6C-491F-401A-A06B-AE47888FF288}.Release|x64.Build.0 = Release|x64
		{FEA18B6C-491F-401A-A06B-AE47888FF288}.Release|x86.ActiveCfg = Release|Any CPU
		{FEA18B6C-491F-401A-A06B-AE47888FF288}.Release|x86.Build.0 = Release|Any CPU
		{92D51A33-7BF0-47FD-9ECE-D758FFE1691D}.Debug_Ubuntu|Any CPU.ActiveCfg = Debug|Any CPU
		{92D51A33-7BF0-47FD-9ECE-D758FFE1691D}.Debug_Ubuntu|Any CPU.Build.0 = Debug|Any CPU
		{92D51A33-7BF0-47FD-9ECE-D758FFE1691D}.Debug_Ubuntu|Itanium.ActiveCfg = Debug|Any CPU
		{92D51A33-7BF0-47FD-9ECE-D758FFE1691D}.Debug_Ubuntu|Itanium.Build.0 = Debug|Any CPU
		{92D51A33-7BF0-47FD-9ECE-D758FFE1691D}.Debug_Ubuntu|x64.ActiveCfg = Debug|x64
		{92D51A33-7BF0-47FD-9ECE-D758FFE1691D}.Debug_Ubuntu|x64.Build.0 = Debug|x64
		{92D51A33-7BF0-47FD-9ECE-D758FFE1691D}.Debug_Ubuntu|x86.ActiveCfg = Debug|Any CPU
		{92D51A33-7BF0-47FD-9ECE-D758FFE1691D}.Debug_Ubuntu|x86.Build.0 = Debug|Any CPU
		{92D51A33-7BF0-47FD-9ECE-D758FFE1691D}.Debug|Any CPU.ActiveCfg = Debug|Any CPU
		{92D51A33-7BF0-47FD-9ECE-D758FFE1691D}.Debug|Any CPU.Build.0 = Debug|Any CPU
		{92D51A33-7BF0-47FD-9ECE-D758FFE1691D}.Debug|Itanium.ActiveCfg = Debug|Any CPU
		{92D51A33-7BF0-47FD-9ECE-D758FFE1691D}.Debug|Itanium.Build.0 = Debug|Any CPU
		{92D51A33-7BF0-47FD-9ECE-D758FFE1691D}.Debug|x64.ActiveCfg = Debug|x64
		{92D51A33-7BF0-47FD-9ECE-D758FFE1691D}.Debug|x64.Build.0 = Debug|x64
		{92D51A33-7BF0-47FD-9ECE-D758FFE1691D}.Debug|x86.ActiveCfg = Debug|Any CPU
		{92D51A33-7BF0-47FD-9ECE-D758FFE1691D}.Debug|x86.Build.0 = Debug|Any CPU
		{92D51A33-7BF0-47FD-9ECE-D758FFE1691D}.Release_Ubuntu|Any CPU.ActiveCfg = Release|Any CPU
		{92D51A33-7BF0-47FD-9ECE-D758FFE1691D}.Release_Ubuntu|Any CPU.Build.0 = Release|Any CPU
		{92D51A33-7BF0-47FD-9ECE-D758FFE1691D}.Release_Ubuntu|Itanium.ActiveCfg = Release|Any CPU
		{92D51A33-7BF0-47FD-9ECE-D758FFE1691D}.Release_Ubuntu|Itanium.Build.0 = Release|Any CPU
		{92D51A33-7BF0-47FD-9ECE-D758FFE1691D}.Release_Ubuntu|x64.ActiveCfg = Release|x64
		{92D51A33-7BF0-47FD-9ECE-D758FFE1691D}.Release_Ubuntu|x64.Build.0 = Release|x64
		{92D51A33-7BF0-47FD-9ECE-D758FFE1691D}.Release_Ubuntu|x86.ActiveCfg = Release|Any CPU
		{92D51A33-7BF0-47FD-9ECE-D758FFE1691D}.Release_Ubuntu|x86.Build.0 = Release|Any CPU
		{92D51A33-7BF0-47FD-9ECE-D758FFE1691D}.Release|Any CPU.ActiveCfg = Release|Any CPU
		{92D51A33-7BF0-47FD-9ECE-D758FFE1691D}.Release|Any CPU.Build.0 = Release|Any CPU
		{92D51A33-7BF0-47FD-9ECE-D758FFE1691D}.Release|Itanium.ActiveCfg = Release|Any CPU
		{92D51A33-7BF0-47FD-9ECE-D758FFE1691D}.Release|Itanium.Build.0 = Release|Any CPU
		{92D51A33-7BF0-47FD-9ECE-D758FFE1691D}.Release|x64.ActiveCfg = Release|x64
		{92D51A33-7BF0-47FD-9ECE-D758FFE1691D}.Release|x64.Build.0 = Release|x64
		{92D51A33-7BF0-47FD-9ECE-D758FFE1691D}.Release|x86.ActiveCfg = Release|Any CPU
		{92D51A33-7BF0-47FD-9ECE-D758FFE1691D}.Release|x86.Build.0 = Release|Any CPU
		{4DBFE2CF-45E4-4594-8E6A-5EBC2EEF85AE}.Debug_Ubuntu|Any CPU.ActiveCfg = Debug|Any CPU
		{4DBFE2CF-45E4-4594-8E6A-5EBC2EEF85AE}.Debug_Ubuntu|Any CPU.Build.0 = Debug|Any CPU
		{4DBFE2CF-45E4-4594-8E6A-5EBC2EEF85AE}.Debug_Ubuntu|Itanium.ActiveCfg = Debug|Any CPU
		{4DBFE2CF-45E4-4594-8E6A-5EBC2EEF85AE}.Debug_Ubuntu|Itanium.Build.0 = Debug|Any CPU
		{4DBFE2CF-45E4-4594-8E6A-5EBC2EEF85AE}.Debug_Ubuntu|x64.ActiveCfg = Debug|x64
		{4DBFE2CF-45E4-4594-8E6A-5EBC2EEF85AE}.Debug_Ubuntu|x64.Build.0 = Debug|x64
		{4DBFE2CF-45E4-4594-8E6A-5EBC2EEF85AE}.Debug_Ubuntu|x86.ActiveCfg = Debug|Any CPU
		{4DBFE2CF-45E4-4594-8E6A-5EBC2EEF85AE}.Debug_Ubuntu|x86.Build.0 = Debug|Any CPU
		{4DBFE2CF-45E4-4594-8E6A-5EBC2EEF85AE}.Debug|Any CPU.ActiveCfg = Debug|Any CPU
		{4DBFE2CF-45E4-4594-8E6A-5EBC2EEF85AE}.Debug|Any CPU.Build.0 = Debug|Any CPU
		{4DBFE2CF-45E4-4594-8E6A-5EBC2EEF85AE}.Debug|Itanium.ActiveCfg = Debug|Any CPU
		{4DBFE2CF-45E4-4594-8E6A-5EBC2EEF85AE}.Debug|Itanium.Build.0 = Debug|Any CPU
		{4DBFE2CF-45E4-4594-8E6A-5EBC2EEF85AE}.Debug|x64.ActiveCfg = Debug|x64
		{4DBFE2CF-45E4-4594-8E6A-5EBC2EEF85AE}.Debug|x64.Build.0 = Debug|x64
		{4DBFE2CF-45E4-4594-8E6A-5EBC2EEF85AE}.Debug|x86.ActiveCfg = Debug|Any CPU
		{4DBFE2CF-45E4-4594-8E6A-5EBC2EEF85AE}.Debug|x86.Build.0 = Debug|Any CPU
		{4DBFE2CF-45E4-4594-8E6A-5EBC2EEF85AE}.Release_Ubuntu|Any CPU.ActiveCfg = Release|Any CPU
		{4DBFE2CF-45E4-4594-8E6A-5EBC2EEF85AE}.Release_Ubuntu|Any CPU.Build.0 = Release|Any CPU
		{4DBFE2CF-45E4-4594-8E6A-5EBC2EEF85AE}.Release_Ubuntu|Itanium.ActiveCfg = Release|Any CPU
		{4DBFE2CF-45E4-4594-8E6A-5EBC2EEF85AE}.Release_Ubuntu|Itanium.Build.0 = Release|Any CPU
		{4DBFE2CF-45E4-4594-8E6A-5EBC2EEF85AE}.Release_Ubuntu|x64.ActiveCfg = Release|x64
		{4DBFE2CF-45E4-4594-8E6A-5EBC2EEF85AE}.Release_Ubuntu|x64.Build.0 = Release|x64
		{4DBFE2CF-45E4-4594-8E6A-5EBC2EEF85AE}.Release_Ubuntu|x86.ActiveCfg = Release|Any CPU
		{4DBFE2CF-45E4-4594-8E6A-5EBC2EEF85AE}.Release_Ubuntu|x86.Build.0 = Release|Any CPU
		{4DBFE2CF-45E4-4594-8E6A-5EBC2EEF85AE}.Release|Any CPU.ActiveCfg = Release|Any CPU
		{4DBFE2CF-45E4-4594-8E6A-5EBC2EEF85AE}.Release|Any CPU.Build.0 = Release|Any CPU
		{4DBFE2CF-45E4-4594-8E6A-5EBC2EEF85AE}.Release|Itanium.ActiveCfg = Release|Any CPU
		{4DBFE2CF-45E4-4594-8E6A-5EBC2EEF85AE}.Release|Itanium.Build.0 = Release|Any CPU
		{4DBFE2CF-45E4-4594-8E6A-5EBC2EEF85AE}.Release|x64.ActiveCfg = Release|x64
		{4DBFE2CF-45E4-4594-8E6A-5EBC2EEF85AE}.Release|x64.Build.0 = Release|x64
		{4DBFE2CF-45E4-4594-8E6A-5EBC2EEF85AE}.Release|x86.ActiveCfg = Release|Any CPU
		{4DBFE2CF-45E4-4594-8E6A-5EBC2EEF85AE}.Release|x86.Build.0 = Release|Any CPU
		{FC168AAB-C2AB-4158-A73A-ABDD1DB17EFE}.Debug_Ubuntu|Any CPU.ActiveCfg = Debug|Any CPU
		{FC168AAB-C2AB-4158-A73A-ABDD1DB17EFE}.Debug_Ubuntu|Any CPU.Build.0 = Debug|Any CPU
		{FC168AAB-C2AB-4158-A73A-ABDD1DB17EFE}.Debug_Ubuntu|Itanium.ActiveCfg = Debug|Any CPU
		{FC168AAB-C2AB-4158-A73A-ABDD1DB17EFE}.Debug_Ubuntu|Itanium.Build.0 = Debug|Any CPU
		{FC168AAB-C2AB-4158-A73A-ABDD1DB17EFE}.Debug_Ubuntu|x64.ActiveCfg = Debug|x64
		{FC168AAB-C2AB-4158-A73A-ABDD1DB17EFE}.Debug_Ubuntu|x64.Build.0 = Debug|x64
		{FC168AAB-C2AB-4158-A73A-ABDD1DB17EFE}.Debug_Ubuntu|x86.ActiveCfg = Debug|Any CPU
		{FC168AAB-C2AB-4158-A73A-ABDD1DB17EFE}.Debug_Ubuntu|x86.Build.0 = Debug|Any CPU
		{FC168AAB-C2AB-4158-A73A-ABDD1DB17EFE}.Debug|Any CPU.ActiveCfg = Debug|Any CPU
		{FC168AAB-C2AB-4158-A73A-ABDD1DB17EFE}.Debug|Any CPU.Build.0 = Debug|Any CPU
		{FC168AAB-C2AB-4158-A73A-ABDD1DB17EFE}.Debug|Itanium.ActiveCfg = Debug|Any CPU
		{FC168AAB-C2AB-4158-A73A-ABDD1DB17EFE}.Debug|Itanium.Build.0 = Debug|Any CPU
		{FC168AAB-C2AB-4158-A73A-ABDD1DB17EFE}.Debug|x64.ActiveCfg = Debug|x64
		{FC168AAB-C2AB-4158-A73A-ABDD1DB17EFE}.Debug|x64.Build.0 = Debug|x64
		{FC168AAB-C2AB-4158-A73A-ABDD1DB17EFE}.Debug|x86.ActiveCfg = Debug|Any CPU
		{FC168AAB-C2AB-4158-A73A-ABDD1DB17EFE}.Debug|x86.Build.0 = Debug|Any CPU
		{FC168AAB-C2AB-4158-A73A-ABDD1DB17EFE}.Release_Ubuntu|Any CPU.ActiveCfg = Release|Any CPU
		{FC168AAB-C2AB-4158-A73A-ABDD1DB17EFE}.Release_Ubuntu|Any CPU.Build.0 = Release|Any CPU
		{FC168AAB-C2AB-4158-A73A-ABDD1DB17EFE}.Release_Ubuntu|Itanium.ActiveCfg = Release|Any CPU
		{FC168AAB-C2AB-4158-A73A-ABDD1DB17EFE}.Release_Ubuntu|Itanium.Build.0 = Release|Any CPU
		{FC168AAB-C2AB-4158-A73A-ABDD1DB17EFE}.Release_Ubuntu|x64.ActiveCfg = Release|x64
		{FC168AAB-C2AB-4158-A73A-ABDD1DB17EFE}.Release_Ubuntu|x64.Build.0 = Release|x64
		{FC168AAB-C2AB-4158-A73A-ABDD1DB17EFE}.Release_Ubuntu|x86.ActiveCfg = Release|Any CPU
		{FC168AAB-C2AB-4158-A73A-ABDD1DB17EFE}.Release_Ubuntu|x86.Build.0 = Release|Any CPU
		{FC168AAB-C2AB-4158-A73A-ABDD1DB17EFE}.Release|Any CPU.ActiveCfg = Release|Any CPU
		{FC168AAB-C2AB-4158-A73A-ABDD1DB17EFE}.Release|Any CPU.Build.0 = Release|Any CPU
		{FC168AAB-C2AB-4158-A73A-ABDD1DB17EFE}.Release|Itanium.ActiveCfg = Release|Any CPU
		{FC168AAB-C2AB-4158-A73A-ABDD1DB17EFE}.Release|Itanium.Build.0 = Release|Any CPU
		{FC168AAB-C2AB-4158-A73A-ABDD1DB17EFE}.Release|x64.ActiveCfg = Release|x64
		{FC168AAB-C2AB-4158-A73A-ABDD1DB17EFE}.Release|x64.Build.0 = Release|x64
		{FC168AAB-C2AB-4158-A73A-ABDD1DB17EFE}.Release|x86.ActiveCfg = Release|Any CPU
		{FC168AAB-C2AB-4158-A73A-ABDD1DB17EFE}.Release|x86.Build.0 = Release|Any CPU
		{99FB72D7-0A1D-443C-BC8C-07B732C3F084}.Debug_Ubuntu|Any CPU.ActiveCfg = Debug|Any CPU
		{99FB72D7-0A1D-443C-BC8C-07B732C3F084}.Debug_Ubuntu|Any CPU.Build.0 = Debug|Any CPU
		{99FB72D7-0A1D-443C-BC8C-07B732C3F084}.Debug_Ubuntu|Itanium.ActiveCfg = Debug|Any CPU
		{99FB72D7-0A1D-443C-BC8C-07B732C3F084}.Debug_Ubuntu|Itanium.Build.0 = Debug|Any CPU
		{99FB72D7-0A1D-443C-BC8C-07B732C3F084}.Debug_Ubuntu|x64.ActiveCfg = Debug|x64
		{99FB72D7-0A1D-443C-BC8C-07B732C3F084}.Debug_Ubuntu|x64.Build.0 = Debug|x64
		{99FB72D7-0A1D-443C-BC8C-07B732C3F084}.Debug_Ubuntu|x86.ActiveCfg = Debug|Any CPU
		{99FB72D7-0A1D-443C-BC8C-07B732C3F084}.Debug_Ubuntu|x86.Build.0 = Debug|Any CPU
		{99FB72D7-0A1D-443C-BC8C-07B732C3F084}.Debug|Any CPU.ActiveCfg = Debug|Any CPU
		{99FB72D7-0A1D-443C-BC8C-07B732C3F084}.Debug|Any CPU.Build.0 = Debug|Any CPU
		{99FB72D7-0A1D-443C-BC8C-07B732C3F084}.Debug|Itanium.ActiveCfg = Debug|Any CPU
		{99FB72D7-0A1D-443C-BC8C-07B732C3F084}.Debug|Itanium.Build.0 = Debug|Any CPU
		{99FB72D7-0A1D-443C-BC8C-07B732C3F084}.Debug|x64.ActiveCfg = Debug|x64
		{99FB72D7-0A1D-443C-BC8C-07B732C3F084}.Debug|x64.Build.0 = Debug|x64
		{99FB72D7-0A1D-443C-BC8C-07B732C3F084}.Debug|x86.ActiveCfg = Debug|Any CPU
		{99FB72D7-0A1D-443C-BC8C-07B732C3F084}.Debug|x86.Build.0 = Debug|Any CPU
		{99FB72D7-0A1D-443C-BC8C-07B732C3F084}.Release_Ubuntu|Any CPU.ActiveCfg = Release|Any CPU
		{99FB72D7-0A1D-443C-BC8C-07B732C3F084}.Release_Ubuntu|Any CPU.Build.0 = Release|Any CPU
		{99FB72D7-0A1D-443C-BC8C-07B732C3F084}.Release_Ubuntu|Itanium.ActiveCfg = Release|Any CPU
		{99FB72D7-0A1D-443C-BC8C-07B732C3F084}.Release_Ubuntu|Itanium.Build.0 = Release|Any CPU
		{99FB72D7-0A1D-443C-BC8C-07B732C3F084}.Release_Ubuntu|x64.ActiveCfg = Release|x64
		{99FB72D7-0A1D-443C-BC8C-07B732C3F084}.Release_Ubuntu|x64.Build.0 = Release|x64
		{99FB72D7-0A1D-443C-BC8C-07B732C3F084}.Release_Ubuntu|x86.ActiveCfg = Release|Any CPU
		{99FB72D7-0A1D-443C-BC8C-07B732C3F084}.Release_Ubuntu|x86.Build.0 = Release|Any CPU
		{99FB72D7-0A1D-443C-BC8C-07B732C3F084}.Release|Any CPU.ActiveCfg = Release|Any CPU
		{99FB72D7-0A1D-443C-BC8C-07B732C3F084}.Release|Any CPU.Build.0 = Release|Any CPU
		{99FB72D7-0A1D-443C-BC8C-07B732C3F084}.Release|Itanium.ActiveCfg = Release|Any CPU
		{99FB72D7-0A1D-443C-BC8C-07B732C3F084}.Release|Itanium.Build.0 = Release|Any CPU
		{99FB72D7-0A1D-443C-BC8C-07B732C3F084}.Release|x64.ActiveCfg = Release|x64
		{99FB72D7-0A1D-443C-BC8C-07B732C3F084}.Release|x64.Build.0 = Release|x64
		{99FB72D7-0A1D-443C-BC8C-07B732C3F084}.Release|x86.ActiveCfg = Release|Any CPU
		{99FB72D7-0A1D-443C-BC8C-07B732C3F084}.Release|x86.Build.0 = Release|Any CPU
		{08F25F99-9D46-4D1F-A776-377ADA69B23E}.Debug_Ubuntu|Any CPU.ActiveCfg = Debug|Any CPU
		{08F25F99-9D46-4D1F-A776-377ADA69B23E}.Debug_Ubuntu|Any CPU.Build.0 = Debug|Any CPU
		{08F25F99-9D46-4D1F-A776-377ADA69B23E}.Debug_Ubuntu|Itanium.ActiveCfg = Debug|Any CPU
		{08F25F99-9D46-4D1F-A776-377ADA69B23E}.Debug_Ubuntu|Itanium.Build.0 = Debug|Any CPU
		{08F25F99-9D46-4D1F-A776-377ADA69B23E}.Debug_Ubuntu|x64.ActiveCfg = Debug|x64
		{08F25F99-9D46-4D1F-A776-377ADA69B23E}.Debug_Ubuntu|x64.Build.0 = Debug|x64
		{08F25F99-9D46-4D1F-A776-377ADA69B23E}.Debug_Ubuntu|x86.ActiveCfg = Debug|Any CPU
		{08F25F99-9D46-4D1F-A776-377ADA69B23E}.Debug_Ubuntu|x86.Build.0 = Debug|Any CPU
		{08F25F99-9D46-4D1F-A776-377ADA69B23E}.Debug|Any CPU.ActiveCfg = Debug|Any CPU
		{08F25F99-9D46-4D1F-A776-377ADA69B23E}.Debug|Any CPU.Build.0 = Debug|Any CPU
		{08F25F99-9D46-4D1F-A776-377ADA69B23E}.Debug|Itanium.ActiveCfg = Debug|Any CPU
		{08F25F99-9D46-4D1F-A776-377ADA69B23E}.Debug|Itanium.Build.0 = Debug|Any CPU
		{08F25F99-9D46-4D1F-A776-377ADA69B23E}.Debug|x64.ActiveCfg = Debug|x64
		{08F25F99-9D46-4D1F-A776-377ADA69B23E}.Debug|x64.Build.0 = Debug|x64
		{08F25F99-9D46-4D1F-A776-377ADA69B23E}.Debug|x86.ActiveCfg = Debug|Any CPU
		{08F25F99-9D46-4D1F-A776-377ADA69B23E}.Debug|x86.Build.0 = Debug|Any CPU
		{08F25F99-9D46-4D1F-A776-377ADA69B23E}.Release_Ubuntu|Any CPU.ActiveCfg = Release|Any CPU
		{08F25F99-9D46-4D1F-A776-377ADA69B23E}.Release_Ubuntu|Any CPU.Build.0 = Release|Any CPU
		{08F25F99-9D46-4D1F-A776-377ADA69B23E}.Release_Ubuntu|Itanium.ActiveCfg = Release|Any CPU
		{08F25F99-9D46-4D1F-A776-377ADA69B23E}.Release_Ubuntu|Itanium.Build.0 = Release|Any CPU
		{08F25F99-9D46-4D1F-A776-377ADA69B23E}.Release_Ubuntu|x64.ActiveCfg = Release|x64
		{08F25F99-9D46-4D1F-A776-377ADA69B23E}.Release_Ubuntu|x64.Build.0 = Release|x64
		{08F25F99-9D46-4D1F-A776-377ADA69B23E}.Release_Ubuntu|x86.ActiveCfg = Release|Any CPU
		{08F25F99-9D46-4D1F-A776-377ADA69B23E}.Release_Ubuntu|x86.Build.0 = Release|Any CPU
		{08F25F99-9D46-4D1F-A776-377ADA69B23E}.Release|Any CPU.ActiveCfg = Release|Any CPU
		{08F25F99-9D46-4D1F-A776-377ADA69B23E}.Release|Any CPU.Build.0 = Release|Any CPU
		{08F25F99-9D46-4D1F-A776-377ADA69B23E}.Release|Itanium.ActiveCfg = Release|Any CPU
		{08F25F99-9D46-4D1F-A776-377ADA69B23E}.Release|Itanium.Build.0 = Release|Any CPU
		{08F25F99-9D46-4D1F-A776-377ADA69B23E}.Release|x64.ActiveCfg = Release|x64
		{08F25F99-9D46-4D1F-A776-377ADA69B23E}.Release|x64.Build.0 = Release|x64
		{08F25F99-9D46-4D1F-A776-377ADA69B23E}.Release|x86.ActiveCfg = Release|Any CPU
		{08F25F99-9D46-4D1F-A776-377ADA69B23E}.Release|x86.Build.0 = Release|Any CPU
		{B357BAC7-529E-4D81-A0D2-71041B19C8DE}.Debug_Ubuntu|Any CPU.ActiveCfg = Debug_Ubuntu|Any CPU
		{B357BAC7-529E-4D81-A0D2-71041B19C8DE}.Debug_Ubuntu|Any CPU.Build.0 = Debug_Ubuntu|Any CPU
		{B357BAC7-529E-4D81-A0D2-71041B19C8DE}.Debug_Ubuntu|Itanium.ActiveCfg = Debug_Ubuntu|Any CPU
		{B357BAC7-529E-4D81-A0D2-71041B19C8DE}.Debug_Ubuntu|Itanium.Build.0 = Debug_Ubuntu|Any CPU
		{B357BAC7-529E-4D81-A0D2-71041B19C8DE}.Debug_Ubuntu|x64.ActiveCfg = Debug_Ubuntu|x64
		{B357BAC7-529E-4D81-A0D2-71041B19C8DE}.Debug_Ubuntu|x64.Build.0 = Debug_Ubuntu|x64
		{B357BAC7-529E-4D81-A0D2-71041B19C8DE}.Debug_Ubuntu|x86.ActiveCfg = Debug_Ubuntu|Any CPU
		{B357BAC7-529E-4D81-A0D2-71041B19C8DE}.Debug_Ubuntu|x86.Build.0 = Debug_Ubuntu|Any CPU
		{B357BAC7-529E-4D81-A0D2-71041B19C8DE}.Debug|Any CPU.ActiveCfg = Debug|Any CPU
		{B357BAC7-529E-4D81-A0D2-71041B19C8DE}.Debug|Any CPU.Build.0 = Debug|Any CPU
		{B357BAC7-529E-4D81-A0D2-71041B19C8DE}.Debug|Itanium.ActiveCfg = Debug|Any CPU
		{B357BAC7-529E-4D81-A0D2-71041B19C8DE}.Debug|Itanium.Build.0 = Debug|Any CPU
		{B357BAC7-529E-4D81-A0D2-71041B19C8DE}.Debug|x64.ActiveCfg = Debug|x64
		{B357BAC7-529E-4D81-A0D2-71041B19C8DE}.Debug|x64.Build.0 = Debug|x64
		{B357BAC7-529E-4D81-A0D2-71041B19C8DE}.Debug|x86.ActiveCfg = Debug|Any CPU
		{B357BAC7-529E-4D81-A0D2-71041B19C8DE}.Debug|x86.Build.0 = Debug|Any CPU
		{B357BAC7-529E-4D81-A0D2-71041B19C8DE}.Release_Ubuntu|Any CPU.ActiveCfg = Release_Ubuntu|Any CPU
		{B357BAC7-529E-4D81-A0D2-71041B19C8DE}.Release_Ubuntu|Any CPU.Build.0 = Release_Ubuntu|Any CPU
		{B357BAC7-529E-4D81-A0D2-71041B19C8DE}.Release_Ubuntu|Itanium.ActiveCfg = Release_Ubuntu|Any CPU
		{B357BAC7-529E-4D81-A0D2-71041B19C8DE}.Release_Ubuntu|Itanium.Build.0 = Release_Ubuntu|Any CPU
		{B357BAC7-529E-4D81-A0D2-71041B19C8DE}.Release_Ubuntu|x64.ActiveCfg = Release_Ubuntu|x64
		{B357BAC7-529E-4D81-A0D2-71041B19C8DE}.Release_Ubuntu|x64.Build.0 = Release_Ubuntu|x64
		{B357BAC7-529E-4D81-A0D2-71041B19C8DE}.Release_Ubuntu|x86.ActiveCfg = Release_Ubuntu|Any CPU
		{B357BAC7-529E-4D81-A0D2-71041B19C8DE}.Release_Ubuntu|x86.Build.0 = Release_Ubuntu|Any CPU
		{B357BAC7-529E-4D81-A0D2-71041B19C8DE}.Release|Any CPU.ActiveCfg = Release|Any CPU
		{B357BAC7-529E-4D81-A0D2-71041B19C8DE}.Release|Any CPU.Build.0 = Release|Any CPU
		{B357BAC7-529E-4D81-A0D2-71041B19C8DE}.Release|Itanium.ActiveCfg = Release|Any CPU
		{B357BAC7-529E-4D81-A0D2-71041B19C8DE}.Release|Itanium.Build.0 = Release|Any CPU
		{B357BAC7-529E-4D81-A0D2-71041B19C8DE}.Release|x64.ActiveCfg = Release|x64
		{B357BAC7-529E-4D81-A0D2-71041B19C8DE}.Release|x64.Build.0 = Release|x64
		{B357BAC7-529E-4D81-A0D2-71041B19C8DE}.Release|x86.ActiveCfg = Release|Any CPU
		{B357BAC7-529E-4D81-A0D2-71041B19C8DE}.Release|x86.Build.0 = Release|Any CPU
		{EB2D6D7F-07B4-4C95-9974-02DB7BA1710F}.Debug_Ubuntu|Any CPU.ActiveCfg = Debug|Any CPU
		{EB2D6D7F-07B4-4C95-9974-02DB7BA1710F}.Debug_Ubuntu|Any CPU.Build.0 = Debug|Any CPU
		{EB2D6D7F-07B4-4C95-9974-02DB7BA1710F}.Debug_Ubuntu|Itanium.ActiveCfg = Debug|Any CPU
		{EB2D6D7F-07B4-4C95-9974-02DB7BA1710F}.Debug_Ubuntu|Itanium.Build.0 = Debug|Any CPU
		{EB2D6D7F-07B4-4C95-9974-02DB7BA1710F}.Debug_Ubuntu|x64.ActiveCfg = Debug|x64
		{EB2D6D7F-07B4-4C95-9974-02DB7BA1710F}.Debug_Ubuntu|x64.Build.0 = Debug|x64
		{EB2D6D7F-07B4-4C95-9974-02DB7BA1710F}.Debug_Ubuntu|x86.ActiveCfg = Debug|Any CPU
		{EB2D6D7F-07B4-4C95-9974-02DB7BA1710F}.Debug_Ubuntu|x86.Build.0 = Debug|Any CPU
		{EB2D6D7F-07B4-4C95-9974-02DB7BA1710F}.Debug|Any CPU.ActiveCfg = Debug|Any CPU
		{EB2D6D7F-07B4-4C95-9974-02DB7BA1710F}.Debug|Any CPU.Build.0 = Debug|Any CPU
		{EB2D6D7F-07B4-4C95-9974-02DB7BA1710F}.Debug|Itanium.ActiveCfg = Debug|Any CPU
		{EB2D6D7F-07B4-4C95-9974-02DB7BA1710F}.Debug|Itanium.Build.0 = Debug|Any CPU
		{EB2D6D7F-07B4-4C95-9974-02DB7BA1710F}.Debug|x64.ActiveCfg = Debug|x64
		{EB2D6D7F-07B4-4C95-9974-02DB7BA1710F}.Debug|x64.Build.0 = Debug|x64
		{EB2D6D7F-07B4-4C95-9974-02DB7BA1710F}.Debug|x86.ActiveCfg = Debug|Any CPU
		{EB2D6D7F-07B4-4C95-9974-02DB7BA1710F}.Debug|x86.Build.0 = Debug|Any CPU
		{EB2D6D7F-07B4-4C95-9974-02DB7BA1710F}.Release_Ubuntu|Any CPU.ActiveCfg = Release|Any CPU
		{EB2D6D7F-07B4-4C95-9974-02DB7BA1710F}.Release_Ubuntu|Any CPU.Build.0 = Release|Any CPU
		{EB2D6D7F-07B4-4C95-9974-02DB7BA1710F}.Release_Ubuntu|Itanium.ActiveCfg = Release|Any CPU
		{EB2D6D7F-07B4-4C95-9974-02DB7BA1710F}.Release_Ubuntu|Itanium.Build.0 = Release|Any CPU
		{EB2D6D7F-07B4-4C95-9974-02DB7BA1710F}.Release_Ubuntu|x64.ActiveCfg = Release|x64
		{EB2D6D7F-07B4-4C95-9974-02DB7BA1710F}.Release_Ubuntu|x64.Build.0 = Release|x64
		{EB2D6D7F-07B4-4C95-9974-02DB7BA1710F}.Release_Ubuntu|x86.ActiveCfg = Release|Any CPU
		{EB2D6D7F-07B4-4C95-9974-02DB7BA1710F}.Release_Ubuntu|x86.Build.0 = Release|Any CPU
		{EB2D6D7F-07B4-4C95-9974-02DB7BA1710F}.Release|Any CPU.ActiveCfg = Release|Any CPU
		{EB2D6D7F-07B4-4C95-9974-02DB7BA1710F}.Release|Any CPU.Build.0 = Release|Any CPU
		{EB2D6D7F-07B4-4C95-9974-02DB7BA1710F}.Release|Itanium.ActiveCfg = Release|Any CPU
		{EB2D6D7F-07B4-4C95-9974-02DB7BA1710F}.Release|Itanium.Build.0 = Release|Any CPU
		{EB2D6D7F-07B4-4C95-9974-02DB7BA1710F}.Release|x64.ActiveCfg = Release|x64
		{EB2D6D7F-07B4-4C95-9974-02DB7BA1710F}.Release|x64.Build.0 = Release|x64
		{EB2D6D7F-07B4-4C95-9974-02DB7BA1710F}.Release|x86.ActiveCfg = Release|Any CPU
		{EB2D6D7F-07B4-4C95-9974-02DB7BA1710F}.Release|x86.Build.0 = Release|Any CPU
		{D9998080-8B08-4634-95CB-1AD9A876CBA7}.Debug_Ubuntu|Any CPU.ActiveCfg = Debug|Any CPU
		{D9998080-8B08-4634-95CB-1AD9A876CBA7}.Debug_Ubuntu|Any CPU.Build.0 = Debug|Any CPU
		{D9998080-8B08-4634-95CB-1AD9A876CBA7}.Debug_Ubuntu|Itanium.ActiveCfg = Debug|Any CPU
		{D9998080-8B08-4634-95CB-1AD9A876CBA7}.Debug_Ubuntu|Itanium.Build.0 = Debug|Any CPU
		{D9998080-8B08-4634-95CB-1AD9A876CBA7}.Debug_Ubuntu|x64.ActiveCfg = Debug|x64
		{D9998080-8B08-4634-95CB-1AD9A876CBA7}.Debug_Ubuntu|x64.Build.0 = Debug|x64
		{D9998080-8B08-4634-95CB-1AD9A876CBA7}.Debug_Ubuntu|x86.ActiveCfg = Debug|Any CPU
		{D9998080-8B08-4634-95CB-1AD9A876CBA7}.Debug_Ubuntu|x86.Build.0 = Debug|Any CPU
		{D9998080-8B08-4634-95CB-1AD9A876CBA7}.Debug|Any CPU.ActiveCfg = Debug|Any CPU
		{D9998080-8B08-4634-95CB-1AD9A876CBA7}.Debug|Any CPU.Build.0 = Debug|Any CPU
		{D9998080-8B08-4634-95CB-1AD9A876CBA7}.Debug|Itanium.ActiveCfg = Debug|Any CPU
		{D9998080-8B08-4634-95CB-1AD9A876CBA7}.Debug|Itanium.Build.0 = Debug|Any CPU
		{D9998080-8B08-4634-95CB-1AD9A876CBA7}.Debug|x64.ActiveCfg = Debug|x64
		{D9998080-8B08-4634-95CB-1AD9A876CBA7}.Debug|x64.Build.0 = Debug|x64
		{D9998080-8B08-4634-95CB-1AD9A876CBA7}.Debug|x86.ActiveCfg = Debug|Any CPU
		{D9998080-8B08-4634-95CB-1AD9A876CBA7}.Debug|x86.Build.0 = Debug|Any CPU
		{D9998080-8B08-4634-95CB-1AD9A876CBA7}.Release_Ubuntu|Any CPU.ActiveCfg = Release|Any CPU
		{D9998080-8B08-4634-95CB-1AD9A876CBA7}.Release_Ubuntu|Any CPU.Build.0 = Release|Any CPU
		{D9998080-8B08-4634-95CB-1AD9A876CBA7}.Release_Ubuntu|Itanium.ActiveCfg = Release|Any CPU
		{D9998080-8B08-4634-95CB-1AD9A876CBA7}.Release_Ubuntu|Itanium.Build.0 = Release|Any CPU
		{D9998080-8B08-4634-95CB-1AD9A876CBA7}.Release_Ubuntu|x64.ActiveCfg = Release|x64
		{D9998080-8B08-4634-95CB-1AD9A876CBA7}.Release_Ubuntu|x64.Build.0 = Release|x64
		{D9998080-8B08-4634-95CB-1AD9A876CBA7}.Release_Ubuntu|x86.ActiveCfg = Release|Any CPU
		{D9998080-8B08-4634-95CB-1AD9A876CBA7}.Release_Ubuntu|x86.Build.0 = Release|Any CPU
		{D9998080-8B08-4634-95CB-1AD9A876CBA7}.Release|Any CPU.ActiveCfg = Release|Any CPU
		{D9998080-8B08-4634-95CB-1AD9A876CBA7}.Release|Any CPU.Build.0 = Release|Any CPU
		{D9998080-8B08-4634-95CB-1AD9A876CBA7}.Release|Itanium.ActiveCfg = Release|Any CPU
		{D9998080-8B08-4634-95CB-1AD9A876CBA7}.Release|Itanium.Build.0 = Release|Any CPU
		{D9998080-8B08-4634-95CB-1AD9A876CBA7}.Release|x64.ActiveCfg = Release|x64
		{D9998080-8B08-4634-95CB-1AD9A876CBA7}.Release|x64.Build.0 = Release|x64
		{D9998080-8B08-4634-95CB-1AD9A876CBA7}.Release|x86.ActiveCfg = Release|Any CPU
		{D9998080-8B08-4634-95CB-1AD9A876CBA7}.Release|x86.Build.0 = Release|Any CPU
		{575688D5-A9C8-4AD0-BC3E-9FAFEFF60227}.Debug_Ubuntu|Any CPU.ActiveCfg = Debug|Any CPU
		{575688D5-A9C8-4AD0-BC3E-9FAFEFF60227}.Debug_Ubuntu|Any CPU.Build.0 = Debug|Any CPU
		{575688D5-A9C8-4AD0-BC3E-9FAFEFF60227}.Debug_Ubuntu|Itanium.ActiveCfg = Debug|Any CPU
		{575688D5-A9C8-4AD0-BC3E-9FAFEFF60227}.Debug_Ubuntu|Itanium.Build.0 = Debug|Any CPU
		{575688D5-A9C8-4AD0-BC3E-9FAFEFF60227}.Debug_Ubuntu|x64.ActiveCfg = Debug|x64
		{575688D5-A9C8-4AD0-BC3E-9FAFEFF60227}.Debug_Ubuntu|x64.Build.0 = Debug|x64
		{575688D5-A9C8-4AD0-BC3E-9FAFEFF60227}.Debug_Ubuntu|x86.ActiveCfg = Debug|Any CPU
		{575688D5-A9C8-4AD0-BC3E-9FAFEFF60227}.Debug_Ubuntu|x86.Build.0 = Debug|Any CPU
		{575688D5-A9C8-4AD0-BC3E-9FAFEFF60227}.Debug|Any CPU.ActiveCfg = Debug|Any CPU
		{575688D5-A9C8-4AD0-BC3E-9FAFEFF60227}.Debug|Any CPU.Build.0 = Debug|Any CPU
		{575688D5-A9C8-4AD0-BC3E-9FAFEFF60227}.Debug|Itanium.ActiveCfg = Debug|Any CPU
		{575688D5-A9C8-4AD0-BC3E-9FAFEFF60227}.Debug|Itanium.Build.0 = Debug|Any CPU
		{575688D5-A9C8-4AD0-BC3E-9FAFEFF60227}.Debug|x64.ActiveCfg = Debug|x64
		{575688D5-A9C8-4AD0-BC3E-9FAFEFF60227}.Debug|x64.Build.0 = Debug|x64
		{575688D5-A9C8-4AD0-BC3E-9FAFEFF60227}.Debug|x86.ActiveCfg = Debug|Any CPU
		{575688D5-A9C8-4AD0-BC3E-9FAFEFF60227}.Debug|x86.Build.0 = Debug|Any CPU
		{575688D5-A9C8-4AD0-BC3E-9FAFEFF60227}.Release_Ubuntu|Any CPU.ActiveCfg = Release|Any CPU
		{575688D5-A9C8-4AD0-BC3E-9FAFEFF60227}.Release_Ubuntu|Any CPU.Build.0 = Release|Any CPU
		{575688D5-A9C8-4AD0-BC3E-9FAFEFF60227}.Release_Ubuntu|Itanium.ActiveCfg = Release|Any CPU
		{575688D5-A9C8-4AD0-BC3E-9FAFEFF60227}.Release_Ubuntu|Itanium.Build.0 = Release|Any CPU
		{575688D5-A9C8-4AD0-BC3E-9FAFEFF60227}.Release_Ubuntu|x64.ActiveCfg = Release|x64
		{575688D5-A9C8-4AD0-BC3E-9FAFEFF60227}.Release_Ubuntu|x64.Build.0 = Release|x64
		{575688D5-A9C8-4AD0-BC3E-9FAFEFF60227}.Release_Ubuntu|x86.ActiveCfg = Release|Any CPU
		{575688D5-A9C8-4AD0-BC3E-9FAFEFF60227}.Release_Ubuntu|x86.Build.0 = Release|Any CPU
		{575688D5-A9C8-4AD0-BC3E-9FAFEFF60227}.Release|Any CPU.ActiveCfg = Release|Any CPU
		{575688D5-A9C8-4AD0-BC3E-9FAFEFF60227}.Release|Any CPU.Build.0 = Release|Any CPU
		{575688D5-A9C8-4AD0-BC3E-9FAFEFF60227}.Release|Itanium.ActiveCfg = Release|Any CPU
		{575688D5-A9C8-4AD0-BC3E-9FAFEFF60227}.Release|Itanium.Build.0 = Release|Any CPU
		{575688D5-A9C8-4AD0-BC3E-9FAFEFF60227}.Release|x64.ActiveCfg = Release|x64
		{575688D5-A9C8-4AD0-BC3E-9FAFEFF60227}.Release|x64.Build.0 = Release|x64
		{575688D5-A9C8-4AD0-BC3E-9FAFEFF60227}.Release|x86.ActiveCfg = Release|Any CPU
		{575688D5-A9C8-4AD0-BC3E-9FAFEFF60227}.Release|x86.Build.0 = Release|Any CPU
		{A711EF13-D6AC-4690-A60A-20CE264C98E6}.Debug_Ubuntu|Any CPU.ActiveCfg = Debug|Any CPU
		{A711EF13-D6AC-4690-A60A-20CE264C98E6}.Debug_Ubuntu|Any CPU.Build.0 = Debug|Any CPU
		{A711EF13-D6AC-4690-A60A-20CE264C98E6}.Debug_Ubuntu|Itanium.ActiveCfg = Debug|Any CPU
		{A711EF13-D6AC-4690-A60A-20CE264C98E6}.Debug_Ubuntu|Itanium.Build.0 = Debug|Any CPU
		{A711EF13-D6AC-4690-A60A-20CE264C98E6}.Debug_Ubuntu|x64.ActiveCfg = Debug|x64
		{A711EF13-D6AC-4690-A60A-20CE264C98E6}.Debug_Ubuntu|x64.Build.0 = Debug|x64
		{A711EF13-D6AC-4690-A60A-20CE264C98E6}.Debug_Ubuntu|x86.ActiveCfg = Debug|Any CPU
		{A711EF13-D6AC-4690-A60A-20CE264C98E6}.Debug_Ubuntu|x86.Build.0 = Debug|Any CPU
		{A711EF13-D6AC-4690-A60A-20CE264C98E6}.Debug|Any CPU.ActiveCfg = Debug|Any CPU
		{A711EF13-D6AC-4690-A60A-20CE264C98E6}.Debug|Any CPU.Build.0 = Debug|Any CPU
		{A711EF13-D6AC-4690-A60A-20CE264C98E6}.Debug|Itanium.ActiveCfg = Debug|Any CPU
		{A711EF13-D6AC-4690-A60A-20CE264C98E6}.Debug|Itanium.Build.0 = Debug|Any CPU
		{A711EF13-D6AC-4690-A60A-20CE264C98E6}.Debug|x64.ActiveCfg = Debug|x64
		{A711EF13-D6AC-4690-A60A-20CE264C98E6}.Debug|x64.Build.0 = Debug|x64
		{A711EF13-D6AC-4690-A60A-20CE264C98E6}.Debug|x86.ActiveCfg = Debug|Any CPU
		{A711EF13-D6AC-4690-A60A-20CE264C98E6}.Debug|x86.Build.0 = Debug|Any CPU
		{A711EF13-D6AC-4690-A60A-20CE264C98E6}.Release_Ubuntu|Any CPU.ActiveCfg = Release|Any CPU
		{A711EF13-D6AC-4690-A60A-20CE264C98E6}.Release_Ubuntu|Any CPU.Build.0 = Release|Any CPU
		{A711EF13-D6AC-4690-A60A-20CE264C98E6}.Release_Ubuntu|Itanium.ActiveCfg = Release|Any CPU
		{A711EF13-D6AC-4690-A60A-20CE264C98E6}.Release_Ubuntu|Itanium.Build.0 = Release|Any CPU
		{A711EF13-D6AC-4690-A60A-20CE264C98E6}.Release_Ubuntu|x64.ActiveCfg = Release|x64
		{A711EF13-D6AC-4690-A60A-20CE264C98E6}.Release_Ubuntu|x64.Build.0 = Release|x64
		{A711EF13-D6AC-4690-A60A-20CE264C98E6}.Release_Ubuntu|x86.ActiveCfg = Release|Any CPU
		{A711EF13-D6AC-4690-A60A-20CE264C98E6}.Release_Ubuntu|x86.Build.0 = Release|Any CPU
		{A711EF13-D6AC-4690-A60A-20CE264C98E6}.Release|Any CPU.ActiveCfg = Release|Any CPU
		{A711EF13-D6AC-4690-A60A-20CE264C98E6}.Release|Any CPU.Build.0 = Release|Any CPU
		{A711EF13-D6AC-4690-A60A-20CE264C98E6}.Release|Itanium.ActiveCfg = Release|Any CPU
		{A711EF13-D6AC-4690-A60A-20CE264C98E6}.Release|Itanium.Build.0 = Release|Any CPU
		{A711EF13-D6AC-4690-A60A-20CE264C98E6}.Release|x64.ActiveCfg = Release|x64
		{A711EF13-D6AC-4690-A60A-20CE264C98E6}.Release|x64.Build.0 = Release|x64
		{A711EF13-D6AC-4690-A60A-20CE264C98E6}.Release|x86.ActiveCfg = Release|Any CPU
		{A711EF13-D6AC-4690-A60A-20CE264C98E6}.Release|x86.Build.0 = Release|Any CPU
		{EE6160CC-8C19-4AD8-BB1E-C295347203EE}.Debug_Ubuntu|Any CPU.ActiveCfg = Debug|Any CPU
		{EE6160CC-8C19-4AD8-BB1E-C295347203EE}.Debug_Ubuntu|Any CPU.Build.0 = Debug|Any CPU
		{EE6160CC-8C19-4AD8-BB1E-C295347203EE}.Debug_Ubuntu|Itanium.ActiveCfg = Debug|Any CPU
		{EE6160CC-8C19-4AD8-BB1E-C295347203EE}.Debug_Ubuntu|Itanium.Build.0 = Debug|Any CPU
		{EE6160CC-8C19-4AD8-BB1E-C295347203EE}.Debug_Ubuntu|x64.ActiveCfg = Debug|x64
		{EE6160CC-8C19-4AD8-BB1E-C295347203EE}.Debug_Ubuntu|x64.Build.0 = Debug|x64
		{EE6160CC-8C19-4AD8-BB1E-C295347203EE}.Debug_Ubuntu|x86.ActiveCfg = Debug|Any CPU
		{EE6160CC-8C19-4AD8-BB1E-C295347203EE}.Debug_Ubuntu|x86.Build.0 = Debug|Any CPU
		{EE6160CC-8C19-4AD8-BB1E-C295347203EE}.Debug|Any CPU.ActiveCfg = Debug|Any CPU
		{EE6160CC-8C19-4AD8-BB1E-C295347203EE}.Debug|Any CPU.Build.0 = Debug|Any CPU
		{EE6160CC-8C19-4AD8-BB1E-C295347203EE}.Debug|Itanium.ActiveCfg = Debug|Any CPU
		{EE6160CC-8C19-4AD8-BB1E-C295347203EE}.Debug|Itanium.Build.0 = Debug|Any CPU
		{EE6160CC-8C19-4AD8-BB1E-C295347203EE}.Debug|x64.ActiveCfg = Debug|x64
		{EE6160CC-8C19-4AD8-BB1E-C295347203EE}.Debug|x64.Build.0 = Debug|x64
		{EE6160CC-8C19-4AD8-BB1E-C295347203EE}.Debug|x86.ActiveCfg = Debug|Any CPU
		{EE6160CC-8C19-4AD8-BB1E-C295347203EE}.Debug|x86.Build.0 = Debug|Any CPU
		{EE6160CC-8C19-4AD8-BB1E-C295347203EE}.Release_Ubuntu|Any CPU.ActiveCfg = Release|Any CPU
		{EE6160CC-8C19-4AD8-BB1E-C295347203EE}.Release_Ubuntu|Any CPU.Build.0 = Release|Any CPU
		{EE6160CC-8C19-4AD8-BB1E-C295347203EE}.Release_Ubuntu|Itanium.ActiveCfg = Release|Any CPU
		{EE6160CC-8C19-4AD8-BB1E-C295347203EE}.Release_Ubuntu|Itanium.Build.0 = Release|Any CPU
		{EE6160CC-8C19-4AD8-BB1E-C295347203EE}.Release_Ubuntu|x64.ActiveCfg = Release|x64
		{EE6160CC-8C19-4AD8-BB1E-C295347203EE}.Release_Ubuntu|x64.Build.0 = Release|x64
		{EE6160CC-8C19-4AD8-BB1E-C295347203EE}.Release_Ubuntu|x86.ActiveCfg = Release|Any CPU
		{EE6160CC-8C19-4AD8-BB1E-C295347203EE}.Release_Ubuntu|x86.Build.0 = Release|Any CPU
		{EE6160CC-8C19-4AD8-BB1E-C295347203EE}.Release|Any CPU.ActiveCfg = Release|Any CPU
		{EE6160CC-8C19-4AD8-BB1E-C295347203EE}.Release|Any CPU.Build.0 = Release|Any CPU
		{EE6160CC-8C19-4AD8-BB1E-C295347203EE}.Release|Itanium.ActiveCfg = Release|Any CPU
		{EE6160CC-8C19-4AD8-BB1E-C295347203EE}.Release|Itanium.Build.0 = Release|Any CPU
		{EE6160CC-8C19-4AD8-BB1E-C295347203EE}.Release|x64.ActiveCfg = Release|x64
		{EE6160CC-8C19-4AD8-BB1E-C295347203EE}.Release|x64.Build.0 = Release|x64
		{EE6160CC-8C19-4AD8-BB1E-C295347203EE}.Release|x86.ActiveCfg = Release|Any CPU
		{EE6160CC-8C19-4AD8-BB1E-C295347203EE}.Release|x86.Build.0 = Release|Any CPU
	EndGlobalSection
	GlobalSection(SolutionProperties) = preSolution
		HideSolutionNode = FALSE
	EndGlobalSection
	GlobalSection(ExtensibilityGlobals) = postSolution
		SolutionGuid = {C93734BC-9119-41A4-94B2-D15D454FB437}
		                SolutionGuid = {6E8897DC-99C6-4585-A2BA-CB194F3B1AB7}
	EndGlobalSection
EndGlobal
